
Microsoft Visual Studio Solution File, Format Version 12.00
# Visual Studio Version 17
VisualStudioVersion = 17.11.35327.3
MinimumVisualStudioVersion = 10.0.40219.1
Project("{8BC9CEB8-8B4A-11D0-8D11-00A0C91BC942}") = "sockets-server", "sockets-server.vcxproj", "{2C4584CC-2D9B-44B3-9ED7-484091156EBF}"
EndProject
Global
	GlobalSection(SolutionConfigurationPlatforms) = preSolution
		Debug|x64 = Debug|x64
		Debug|x86 = Debug|x86
		Release|x64 = Release|x64
		Release|x86 = Release|x86
	EndGlobalSection
	GlobalSection(ProjectConfigurationPlatforms) = postSolution
		{2C4584CC-2D9B-44B3-9ED7-484091156EBF}.Debug|x64.ActiveCfg = Debug|x64
		{2C4584CC-2D9B-44B3-9ED7-484091156EBF}.Debug|x64.Build.0 = Debug|x64
		{2C4584CC-2D9B-44B3-9ED7-484091156EBF}.Debug|x86.ActiveCfg = Debug|Win32
		{2C4584CC-2D9B-44B3-9ED7-484091156EBF}.Debug|x86.Build.0 = Debug|Win32
		{2C4584CC-2D9B-44B3-9ED7-484091156EBF}.Release|x64.ActiveCfg = Release|x64
		{2C4584CC-2D9B-44B3-9ED7-484091156EBF}.Release|x64.Build.0 = Release|x64
		{2C4584CC-2D9B-44B3-9ED7-484091156EBF}.Release|x86.ActiveCfg = Release|Win32
		{2C4584CC-2D9B-44B3-9ED7-484091156EBF}.Release|x86.Build.0 = Release|Win32
	EndGlobalSection
	GlobalSection(SolutionProperties) = preSolution
		HideSolutionNode = FALSE
	EndGlobalSection
	GlobalSection(ExtensibilityGlobals) = postSolution
		SolutionGuid = {EDDACE1A-AE7F-4D1D-BE24-66FEEDFEE13F}
	EndGlobalSection
EndGlobal
